// !$*UTF8*$!
{
	archiveVersion = 1;
	classes = {
	};
	objectVersion = 46;
	objects = {

/* Begin PBXBuildFile section */
		FBE1B0D61ED9A999001060F3 /* AppDelegate.swift in Sources */ = {isa = PBXBuildFile; fileRef = FBE1B0D51ED9A999001060F3 /* AppDelegate.swift */; };
		FBE1B0D81ED9A999001060F3 /* ViewController.swift in Sources */ = {isa = PBXBuildFile; fileRef = FBE1B0D71ED9A999001060F3 /* ViewController.swift */; };
		FBE1B0DB1ED9A999001060F3 /* Main.storyboard in Resources */ = {isa = PBXBuildFile; fileRef = FBE1B0D91ED9A999001060F3 /* Main.storyboard */; };
		FBE1B0DD1ED9A999001060F3 /* Assets.xcassets in Resources */ = {isa = PBXBuildFile; fileRef = FBE1B0DC1ED9A999001060F3 /* Assets.xcassets */; };
		FBE1B0E01ED9A999001060F3 /* LaunchScreen.storyboard in Resources */ = {isa = PBXBuildFile; fileRef = FBE1B0DE1ED9A999001060F3 /* LaunchScreen.storyboard */; };
		FBE1B0E81ED9A9AF001060F3 /* LJLabel.swift in Sources */ = {isa = PBXBuildFile; fileRef = FBE1B0E71ED9A9AF001060F3 /* LJLabel.swift */; };
		FBE1B0EF1ED9AE78001060F3 /* SnapKit.framework in Frameworks */ = {isa = PBXBuildFile; fileRef = FBE1B0ED1ED9AE6E001060F3 /* SnapKit.framework */; };
		FBE1B0F01ED9AE78001060F3 /* SnapKit.framework in Embed Frameworks */ = {isa = PBXBuildFile; fileRef = FBE1B0ED1ED9AE6E001060F3 /* SnapKit.framework */; settings = {ATTRIBUTES = (CodeSignOnCopy, RemoveHeadersOnCopy, ); }; };
/* End PBXBuildFile section */

/* Begin PBXCopyFilesBuildPhase section */
		FBE1B0F11ED9AE78001060F3 /* Embed Frameworks */ = {
			isa = PBXCopyFilesBuildPhase;
			buildActionMask = 2147483647;
			dstPath = "";
			dstSubfolderSpec = 10;
			files = (
				FBE1B0F01ED9AE78001060F3 /* SnapKit.framework in Embed Frameworks */,
			);
			name = "Embed Frameworks";
			runOnlyForDeploymentPostprocessing = 0;
		};
/* End PBXCopyFilesBuildPhase section */

/* Begin PBXFileReference section */
		FBE1B0D21ED9A999001060F3 /* Calculator.app */ = {isa = PBXFileReference; explicitFileType = wrapper.application; includeInIndex = 0; path = Calculator.app; sourceTree = BUILT_PRODUCTS_DIR; };
		FBE1B0D51ED9A999001060F3 /* AppDelegate.swift */ = {isa = PBXFileReference; lastKnownFileType = sourcecode.swift; path = AppDelegate.swift; sourceTree = "<group>"; };
		FBE1B0D71ED9A999001060F3 /* ViewController.swift */ = {isa = PBXFileReference; lastKnownFileType = sourcecode.swift; path = ViewController.swift; sourceTree = "<group>"; };
		FBE1B0DA1ED9A999001060F3 /* Base */ = {isa = PBXFileReference; lastKnownFileType = file.storyboard; name = Base; path = Base.lproj/Main.storyboard; sourceTree = "<group>"; };
		FBE1B0DC1ED9A999001060F3 /* Assets.xcassets */ = {isa = PBXFileReference; lastKnownFileType = folder.assetcatalog; path = Assets.xcassets; sourceTree = "<group>"; };
		FBE1B0DF1ED9A999001060F3 /* Base */ = {isa = PBXFileReference; lastKnownFileType = file.storyboard; name = Base; path = Base.lproj/LaunchScreen.storyboard; sourceTree = "<group>"; };
		FBE1B0E11ED9A999001060F3 /* Info.plist */ = {isa = PBXFileReference; lastKnownFileType = text.plist.xml; path = Info.plist; sourceTree = "<group>"; };
		FBE1B0E71ED9A9AF001060F3 /* LJLabel.swift */ = {isa = PBXFileReference; fileEncoding = 4; lastKnownFileType = sourcecode.swift; path = LJLabel.swift; sourceTree = "<group>"; };
		FBE1B0ED1ED9AE6E001060F3 /* SnapKit.framework */ = {isa = PBXFileReference; lastKnownFileType = wrapper.framework; path = SnapKit.framework; sourceTree = "<group>"; };
/* End PBXFileReference section */

/* Begin PBXFrameworksBuildPhase section */
		FBE1B0CF1ED9A999001060F3 /* Frameworks */ = {
			isa = PBXFrameworksBuildPhase;
			buildActionMask = 2147483647;
			files = (
				FBE1B0EF1ED9AE78001060F3 /* SnapKit.framework in Frameworks */,
			);
			runOnlyForDeploymentPostprocessing = 0;
		};
/* End PBXFrameworksBuildPhase section */

/* Begin PBXGroup section */
		FBE1B0C91ED9A999001060F3 = {
			isa = PBXGroup;
			children = (
				FBE1B0D41ED9A999001060F3 /* Calculator */,
				FBE1B0D31ED9A999001060F3 /* Products */,
			);
			sourceTree = "<group>";
		};
		FBE1B0D31ED9A999001060F3 /* Products */ = {
			isa = PBXGroup;
			children = (
				FBE1B0D21ED9A999001060F3 /* Calculator.app */,
			);
			name = Products;
			sourceTree = "<group>";
		};
		FBE1B0D41ED9A999001060F3 /* Calculator */ = {
			isa = PBXGroup;
			children = (
				FBE1B0EC1ED9AE49001060F3 /* Vendor */,
				FBE1B0E71ED9A9AF001060F3 /* LJLabel.swift */,
				FBE1B0D51ED9A999001060F3 /* AppDelegate.swift */,
				FBE1B0D71ED9A999001060F3 /* ViewController.swift */,
				FBE1B0D91ED9A999001060F3 /* Main.storyboard */,
				FBE1B0DC1ED9A999001060F3 /* Assets.xcassets */,
				FBE1B0DE1ED9A999001060F3 /* LaunchScreen.storyboard */,
				FBE1B0E11ED9A999001060F3 /* Info.plist */,
			);
			path = Calculator;
			sourceTree = "<group>";
		};
		FBE1B0EC1ED9AE49001060F3 /* Vendor */ = {
			isa = PBXGroup;
			children = (
				FBE1B0ED1ED9AE6E001060F3 /* SnapKit.framework */,
			);
			path = Vendor;
			sourceTree = "<group>";
		};
/* End PBXGroup section */

/* Begin PBXNativeTarget section */
		FBE1B0D11ED9A999001060F3 /* Calculator */ = {
			isa = PBXNativeTarget;
			buildConfigurationList = FBE1B0E41ED9A999001060F3 /* Build configuration list for PBXNativeTarget "Calculator" */;
			buildPhases = (
				FBE1B0CE1ED9A999001060F3 /* Sources */,
				FBE1B0CF1ED9A999001060F3 /* Frameworks */,
				FBE1B0D01ED9A999001060F3 /* Resources */,
				FBE1B0F11ED9AE78001060F3 /* Embed Frameworks */,
			);
			buildRules = (
			);
			dependencies = (
			);
			name = Calculator;
			productName = Calculator;
			productReference = FBE1B0D21ED9A999001060F3 /* Calculator.app */;
			productType = "com.apple.product-type.application";
		};
/* End PBXNativeTarget section */

/* Begin PBXProject section */
		FBE1B0CA1ED9A999001060F3 /* Project object */ = {
			isa = PBXProject;
			attributes = {
				LastSwiftUpdateCheck = 0830;
				LastUpgradeCheck = 0830;
				ORGANIZATIONNAME = Jiang;
				TargetAttributes = {
					FBE1B0D11ED9A999001060F3 = {
						CreatedOnToolsVersion = 8.3.2;
						ProvisioningStyle = Automatic;
					};
				};
			};
			buildConfigurationList = FBE1B0CD1ED9A999001060F3 /* Build configuration list for PBXProject "Calculator" */;
			compatibilityVersion = "Xcode 3.2";
			developmentRegion = English;
			hasScannedForEncodings = 0;
			knownRegions = (
				en,
				Base,
			);
			mainGroup = FBE1B0C91ED9A999001060F3;
			productRefGroup = FBE1B0D31ED9A999001060F3 /* Products */;
			projectDirPath = "";
			projectRoot = "";
			targets = (
				FBE1B0D11ED9A999001060F3 /* Calculator */,
			);
		};
/* End PBXProject section */

/* Begin PBXResourcesBuildPhase section */
		FBE1B0D01ED9A999001060F3 /* Resources */ = {
			isa = PBXResourcesBuildPhase;
			buildActionMask = 2147483647;
			files = (
				FBE1B0E01ED9A999001060F3 /* LaunchScreen.storyboard in Resources */,
				FBE1B0DD1ED9A999001060F3 /* Assets.xcassets in Resources */,
				FBE1B0DB1ED9A999001060F3 /* Main.storyboard in Resources */,
			);
			runOnlyForDeploymentPostprocessing = 0;
		};
/* End PBXResourcesBuildPhase section */

/* Begin PBXSourcesBuildPhase section */
		FBE1B0CE1ED9A999001060F3 /* Sources */ = {
			isa = PBXSourcesBuildPhase;
			buildActionMask = 2147483647;
			files = (
				FBE1B0D81ED9A999001060F3 /* ViewController.swift in Sources */,
				FBE1B0D61ED9A999001060F3 /* AppDelegate.swift in Sources */,
				FBE1B0E81ED9A9AF001060F3 /* LJLabel.swift in Sources */,
			);
			runOnlyForDeploymentPostprocessing = 0;
		};
/* End PBXSourcesBuildPhase section */

/* Begin PBXVariantGroup section */
		FBE1B0D91ED9A999001060F3 /* Main.storyboard */ = {
			isa = PBXVariantGroup;
			children = (
				FBE1B0DA1ED9A999001060F3 /* Base */,
			);
			name = Main.storyboard;
			sourceTree = "<group>";
		};
		FBE1B0DE1ED9A999001060F3 /* LaunchScreen.storyboard */ = {
			isa = PBXVariantGroup;
			children = (
				FBE1B0DF1ED9A999001060F3 /* Base */,
			);
			name = LaunchScreen.storyboard;
			sourceTree = "<group>";
		};
/* End PBXVariantGroup section */

/* Begin XCBuildConfiguration section */
		FBE1B0E21ED9A999001060F3 /* Debug */ = {
			isa = XCBuildConfiguration;
			buildSettings = {
				ALWAYS_SEARCH_USER_PATHS = NO;
				CLANG_ANALYZER_NONNULL = YES;
				CLANG_ANALYZER_NUMBER_OBJECT_CONVERSION = YES_AGGRESSIVE;
				CLANG_CXX_LANGUAGE_STANDARD = "gnu++0x";
				CLANG_CXX_LIBRARY = "libc++";
				CLANG_ENABLE_MODULES = YES;
				CLANG_ENABLE_OBJC_ARC = YES;
				CLANG_WARN_BOOL_CONVERSION = YES;
				CLANG_WARN_CONSTANT_CONVERSION = YES;
				CLANG_WARN_DIRECT_OBJC_ISA_USAGE = YES_ERROR;
				CLANG_WARN_DOCUMENTATION_COMMENTS = YES;
				CLANG_WARN_EMPTY_BODY = YES;
				CLANG_WARN_ENUM_CONVERSION = YES;
				CLANG_WARN_INFINITE_RECURSION = YES;
				CLANG_WARN_INT_CONVERSION = YES;
				CLANG_WARN_OBJC_ROOT_CLASS = YES_ERROR;
				CLANG_WARN_SUSPICIOUS_MOVE = YES;
				CLANG_WARN_UNREACHABLE_CODE = YES;
				CLANG_WARN__DUPLICATE_METHOD_MATCH = YES;
				"CODE_SIGN_IDENTITY[sdk=iphoneos*]" = "iPhone Developer";
				COPY_PHASE_STRIP = NO;
				DEBUG_INFORMATION_FORMAT = dwarf;
				ENABLE_STRICT_OBJC_MSGSEND = YES;
				ENABLE_TESTABILITY = YES;
				GCC_C_LANGUAGE_STANDARD = gnu99;
				GCC_DYNAMIC_NO_PIC = NO;
				GCC_NO_COMMON_BLOCKS = YES;
				GCC_OPTIMIZATION_LEVEL = 0;
				GCC_PREPROCESSOR_DEFINITIONS = (
					"DEBUG=1",
					"$(inherited)",
				);
				GCC_WARN_64_TO_32_BIT_CONVERSION = YES;
				GCC_WARN_ABOUT_RETURN_TYPE = YES_ERROR;
				GCC_WARN_UNDECLARED_SELECTOR = YES;
				GCC_WARN_UNINITIALIZED_AUTOS = YES_AGGRESSIVE;
				GCC_WARN_UNUSED_FUNCTION = YES;
				GCC_WARN_UNUSED_VARIABLE = YES;
				IPHONEOS_DEPLOYMENT_TARGET = 10.3;
				MTL_ENABLE_DEBUG_INFO = YES;
				ONLY_ACTIVE_ARCH = YES;
				SDKROOT = iphoneos;
				SWIFT_ACTIVE_COMPILATION_CONDITIONS = DEBUG;
				SWIFT_OPTIMIZATION_LEVEL = "-Onone";
			};
			name = Debug;
		};
		FBE1B0E31ED9A999001060F3 /* Release */ = {
			isa = XCBuildConfiguration;
			buildSettings = {
				ALWAYS_SEARCH_USER_PATHS = NO;
				CLANG_ANALYZER_NONNULL = YES;
				CLANG_ANALYZER_NUMBER_OBJECT_CONVERSION = YES_AGGRESSIVE;
				CLANG_CXX_LANGUAGE_STANDARD = "gnu++0x";
				CLANG_CXX_LIBRARY = "libc++";
				CLANG_ENABLE_MODULES = YES;
				CLANG_ENABLE_OBJC_ARC = YES;
				CLANG_WARN_BOOL_CONVERSION = YES;
				CLANG_WARN_CONSTANT_CONVERSION = YES;
				CLANG_WARN_DIRECT_OBJC_ISA_USAGE = YES_ERROR;
				CLANG_WARN_DOCUMENTATION_COMMENTS = YES;
				CLANG_WARN_EMPTY_BODY = YES;
				CLANG_WARN_ENUM_CONVERSION = YES;
				CLANG_WARN_INFINITE_RECURSION = YES;
				CLANG_WARN_INT_CONVERSION = YES;
				CLANG_WARN_OBJC_ROOT_CLASS = YES_ERROR;
				CLANG_WARN_SUSPICIOUS_MOVE = YES;
				CLANG_WARN_UNREACHABLE_CODE = YES;
				CLANG_WARN__DUPLICATE_METHOD_MATCH = YES;
				"CODE_SIGN_IDENTITY[sdk=iphoneos*]" = "iPhone Developer";
				COPY_PHASE_STRIP = NO;
				DEBUG_INFORMATION_FORMAT = "dwarf-with-dsym";
				ENABLE_NS_ASSERTIONS = NO;
				ENABLE_STRICT_OBJC_MSGSEND = YES;
				GCC_C_LANGUAGE_STANDARD = gnu99;
				GCC_NO_COMMON_BLOCKS = YES;
				GCC_WARN_64_TO_32_BIT_CONVERSION = YES;
				GCC_WARN_ABOUT_RETURN_TYPE = YES_ERROR;
				GCC_WARN_UNDECLARED_SELECTOR = YES;
				GCC_WARN_UNINITIALIZED_AUTOS = YES_AGGRESSIVE;
				GCC_WARN_UNUSED_FUNCTION = YES;
				GCC_WARN_UNUSED_VARIABLE = YES;
				IPHONEOS_DEPLOYMENT_TARGET = 10.3;
				MTL_ENABLE_DEBUG_INFO = NO;
				SDKROOT = iphoneos;
				SWIFT_OPTIMIZATION_LEVEL = "-Owholemodule";
				VALIDATE_PRODUCT = YES;
			};
			name = Release;
		};
		FBE1B0E51ED9A999001060F3 /* Debug */ = {
			isa = XCBuildConfiguration;
			buildSettings = {
				ASSETCATALOG_COMPILER_APPICON_NAME = AppIcon;
				FRAMEWORK_SEARCH_PATHS = (
					"$(inherited)",
					"$(inherited)",
					"$(PROJECT_DIR)/Carthage/Build/iOS",
				);
				INFOPLIST_FILE = Calculator/Info.plist;
				LD_RUNPATH_SEARCH_PATHS = "$(inherited) @executable_path/Frameworks";
				PRODUCT_BUNDLE_IDENTIFIER = com.longjianjiang.Calculator;
				PRODUCT_NAME = "$(TARGET_NAME)";
				SWIFT_VERSION = 3.0;
			};
			name = Debug;
		};
		FBE1B0E61ED9A999001060F3 /* Release */ = {
			isa = XCBuildConfiguration;
			buildSettings = {
				ASSETCATALOG_COMPILER_APPICON_NAME = AppIcon;
				FRAMEWORK_SEARCH_PATHS = (
					"$(inherited)",
					"$(inherited)",
					"$(PROJECT_DIR)/Carthage/Build/iOS",
				);
				INFOPLIST_FILE = Calculator/Info.plist;
				LD_RUNPATH_SEARCH_PATHS = "$(inherited) @executable_path/Frameworks";
				PRODUCT_BUNDLE_IDENTIFIER = com.longjianjiang.Calculator;
				PRODUCT_NAME = "$(TARGET_NAME)";
				SWIFT_VERSION = 3.0;
			};
			name = Release;
		};
/* End XCBuildConfiguration section */

/* Begin XCConfigurationList section */
		FBE1B0CD1ED9A999001060F3 /* Build configuration list for PBXProject "Calculator" */ = {
			isa = XCConfigurationList;
			buildConfigurations = (
				FBE1B0E21ED9A999001060F3 /* Debug */,
				FBE1B0E31ED9A999001060F3 /* Release */,
			);
			defaultConfigurationIsVisible = 0;
			defaultConfigurationName = Release;
		};
		FBE1B0E41ED9A999001060F3 /* Build configuration list for PBXNativeTarget "Calculator" */ = {
			isa = XCConfigurationList;
			buildConfigurations = (
				FBE1B0E51ED9A999001060F3 /* Debug */,
				FBE1B0E61ED9A999001060F3 /* Release */,
			);
			defaultConfigurationIsVisible = 0;
			defaultConfigurationName = Release;
		};
/* End XCConfigurationList section */
	};
	rootObject = FBE1B0CA1ED9A999001060F3 /* Project object */;
}
